Microsoft Visual Studio Solution File, Format Version 12.00
# Visual Studio Version 17
VisualStudioVersion = 17.5.2.0
MinimumVisualStudioVersion = 10.0.40219.1
Project("{FAE04EC0-301F-11D3-BF4B-00C04F79EFBC}") = "OldPhonePad", "OldPhonePad.csproj", "{806AE57A-C131-D62A-5BFD-6C2AA0742D02}"
EndProject
Global
	GlobalSection(SolutionConfigurationPlatforms) = preSolution
		Debug|Any CPU = Debug|Any CPU
		Release|Any CPU = Release|Any CPU
	EndGlobalSection
	GlobalSection(ProjectConfigurationPlatforms) = postSolution
		{806AE57A-C131-D62A-5BFD-6C2AA0742D02}.Debug|Any CPU.ActiveCfg = Debug|Any CPU
		{806AE57A-C131-D62A-5BFD-6C2AA0742D02}.Debug|Any CPU.Build.0 = Debug|Any CPU
		{806AE57A-C131-D62A-5BFD-6C2AA0742D02}.Release|Any CPU.ActiveCfg = Release|Any CPU
		{806AE57A-C131-D62A-5BFD-6C2AA0742D02}.Release|Any CPU.Build.0 = Release|Any CPU
	EndGlobalSection
	GlobalSection(SolutionProperties) = preSolution
		HideSolutionNode = FALSE
	EndGlobalSection
	GlobalSection(ExtensibilityGlobals) = postSolution
		SolutionGuid = {B415AB57-BC51-43A5-B7C4-22C0FA45CA20}
	EndGlobalSection
EndGlobal
